<?xml version="1.0" encoding="utf-8"?>
<Project ToolsVersion="4.0" xmlns="http://schemas.microsoft.com/developer/msbuild/2003">
  <ItemGroup>
    <Filter Include="Source Files">
      <UniqueIdentifier>{70ff8fef-65f4-495f-9129-647874775acd}</UniqueIdentifier>
      <Extensions>txt;c;cpp</Extensions>
    </Filter>
    <Filter Include="Header Files">
      <UniqueIdentifier>{482cc173-1e4f-4737-9f1a-52a713cf03cb}</UniqueIdentifier>
      <Extensions>h</Extensions>
    </Filter>
    <Filter Include="MotoPlus Libraries">
      <UniqueIdentifier>{6d0b4ab3-9c1c-4d95-a516-cb566ad111fc}</UniqueIdentifier>
      <Extensions>fsLib;mpLib;dxLib;dnLib;lib</Extensions>
    </Filter>
    <Filter Include="Compile Settings">
      <UniqueIdentifier>{f68af3c3-a33e-4c01-a8c3-4d741ecfa4ba}</UniqueIdentifier>
      <Extensions>mps</Extensions>
    </Filter>
  </ItemGroup>
  <ItemGroup>
    <ClCompile Include="mpMain.c">
      <Filter>Source Files</Filter>
    </ClCompile>
    <ClCompile Include="..\..\NetBeansProjects\MotoPlusTcpSvr\remoteFunctions.c">
      <Filter>Source Files</Filter>
    </ClCompile>
    <ClCompile Include="..\..\NetBeansProjects\MotoPlusTcpSvr\tcpSvr.c">
      <Filter>Source Files</Filter>
    </ClCompile>
  </ItemGroup>
  <ItemGroup>
    <None Include="DX100CompilerArguments.mps">
      <Filter>Compile Settings</Filter>
    </None>
    <None Include="DX100LinkerArguments.mps">
      <Filter>Compile Settings</Filter>
    </None>
    <None Include="DX200CompilerArguments.mps">
      <Filter>Compile Settings</Filter>
    </None>
    <None Include="DX200LinkerArguments.mps">
      <Filter>Compile Settings</Filter>
    </None>
    <None Include="FS100CompilerArguments.mps">
      <Filter>Compile Settings</Filter>
    </None>
    <None Include="FS100LinkerArguments.mps">
      <Filter>Compile Settings</Filter>
    </None>
  </ItemGroup>
  <ItemGroup>
    <ClInclude Include="..\..\NetBeansProjects\MotoPlusTcpSvr\remoteFunctions.h">
      <Filter>Header Files</Filter>
    </ClInclude>
    <ClInclude Include="..\..\NetBeansProjects\MotoPlusTcpSvr\tcpSvr.h">
      <Filter>Header Files</Filter>
    </ClInclude>
  </ItemGroup>
</Project>